
Microsoft Visual Studio Solution File, Format Version 12.00
# Visual Studio Version 17
VisualStudioVersion = 17.10.35013.160
MinimumVisualStudioVersion = 10.0.40219.1
Project("{FAE04EC0-301F-11D3-BF4B-00C04F79EFBC}") = "Hello_World", "Hello_World\Hello_World.csproj", "{DA0B644B-55F7-42D1-998E-8121EDB21417}"
EndProject
Global
	GlobalSection(SolutionConfigurationPlatforms) = preSolution
		Debug|Any CPU = Debug|Any CPU
		Release|Any CPU = Release|Any CPU
	EndGlobalSection
	GlobalSection(ProjectConfigurationPlatforms) = postSolution
		{DA0B644B-55F7-42D1-998E-8121EDB21417}.Debug|Any CPU.ActiveCfg = Debug|Any CPU
		{DA0B644B-55F7-42D1-998E-8121EDB21417}.Debug|Any CPU.Build.0 = Debug|Any CPU
		{DA0B644B-55F7-42D1-998E-8121EDB21417}.Release|Any CPU.ActiveCfg = Release|Any CPU
		{DA0B644B-55F7-42D1-998E-8121EDB21417}.Release|Any CPU.Build.0 = Release|Any CPU
	EndGlobalSection
	GlobalSection(SolutionProperties) = preSolution
		HideSolutionNode = FALSE
	EndGlobalSection
	GlobalSection(ExtensibilityGlobals) = postSolution
		SolutionGuid = {164A043A-FE27-4ABC-AFD4-18368CF419FD}
	EndGlobalSection
EndGlobal
